
Microsoft Visual Studio Solution File, Format Version 12.00
# Visual Studio Version 17
VisualStudioVersion = 17.1.32210.238
MinimumVisualStudioVersion = 10.0.40219.1
Project("{FAE04EC0-301F-11D3-BF4B-00C04F79EFBC}") = "Urysohn", "Urysohn\Urysohn.csproj", "{7B8C9A2C-7EF8-4509-8F3D-8CB80A462193}"
EndProject
Global
	GlobalSection(SolutionConfigurationPlatforms) = preSolution
		Debug|Any CPU = Debug|Any CPU
		Release|Any CPU = Release|Any CPU
	EndGlobalSection
	GlobalSection(ProjectConfigurationPlatforms) = postSolution
		{7B8C9A2C-7EF8-4509-8F3D-8CB80A462193}.Debug|Any CPU.ActiveCfg = Debug|Any CPU
		{7B8C9A2C-7EF8-4509-8F3D-8CB80A462193}.Debug|Any CPU.Build.0 = Debug|Any CPU
		{7B8C9A2C-7EF8-4509-8F3D-8CB80A462193}.Release|Any CPU.ActiveCfg = Release|Any CPU
		{7B8C9A2C-7EF8-4509-8F3D-8CB80A462193}.Release|Any CPU.Build.0 = Release|Any CPU
	EndGlobalSection
	GlobalSection(SolutionProperties) = preSolution
		HideSolutionNode = FALSE
	EndGlobalSection
	GlobalSection(ExtensibilityGlobals) = postSolution
		SolutionGuid = {CFE755A9-6F18-4BB4-85B2-E2A6A0E31642}
	EndGlobalSection
EndGlobal
